# This file is automatically @generated by Poetry 1.6.1 and should not be changed by hand.

[[package]]
name = "async-timeout"
version = "4.0.3"
description = "Timeout context manager for asyncio programs"
optional = false
python-versions = ">=3.7"
files = [
    {file = "async-timeout-4.0.3.tar.gz", hash = "sha256:4640d96be84d82d02ed59ea2b7105a0f7b33abe8703703cd0ab0bf87c427522f"},
    {file = "async_timeout-4.0.3-py3-none-any.whl", hash = "sha256:7405140ff1230c310e51dc27b3145b9092d659ce68ff733fb0cefe3ee42be028"},
]

[[package]]
name = "black"
version = "23.11.0"
description = "The uncompromising code formatter."
optional = false
python-versions = ">=3.8"
files = [
    {file = "black-23.11.0-cp310-cp310-macosx_10_9_x86_64.whl", hash = "sha256:dbea0bb8575c6b6303cc65017b46351dc5953eea5c0a59d7b7e3a2d2f433a911"},
    {file = "black-23.11.0-cp310-cp310-macosx_11_0_arm64.whl", hash = "sha256:412f56bab20ac85927f3a959230331de5614aecda1ede14b373083f62ec24e6f"},
    {file = "black-23.11.0-cp310-cp310-manylinux_2_17_x86_64.manylinux2014_x86_64.whl", hash = "sha256:d136ef5b418c81660ad847efe0e55c58c8208b77a57a28a503a5f345ccf01394"},
    {file = "black-23.11.0-cp310-cp310-win_amd64.whl", hash = "sha256:6c1cac07e64433f646a9a838cdc00c9768b3c362805afc3fce341af0e6a9ae9f"},
    {file = "black-23.11.0-cp311-cp311-macosx_10_9_x86_64.whl", hash = "sha256:cf57719e581cfd48c4efe28543fea3d139c6b6f1238b3f0102a9c73992cbb479"},
    {file = "black-23.11.0-cp311-cp311-macosx_11_0_arm64.whl", hash = "sha256:698c1e0d5c43354ec5d6f4d914d0d553a9ada56c85415700b81dc90125aac244"},
    {file = "black-23.11.0-cp311-cp311-manylinux_2_17_x86_64.manylinux2014_x86_64.whl", hash = "sha256:760415ccc20f9e8747084169110ef75d545f3b0932ee21368f63ac0fee86b221"},
    {file = "black-23.11.0-cp311-cp311-win_amd64.whl", hash = "sha256:58e5f4d08a205b11800332920e285bd25e1a75c54953e05502052738fe16b3b5"},
    {file = "black-23.11.0-cp38-cp38-macosx_10_9_x86_64.whl", hash = "sha256:45aa1d4675964946e53ab81aeec7a37613c1cb71647b5394779e6efb79d6d187"},
    {file = "black-23.11.0-cp38-cp38-macosx_11_0_arm64.whl", hash = "sha256:4c44b7211a3a0570cc097e81135faa5f261264f4dfaa22bd5ee2875a4e773bd6"},
    {file = "black-23.11.0-cp38-cp38-manylinux_2_17_x86_64.manylinux2014_x86_64.whl", hash = "sha256:2a9acad1451632021ee0d146c8765782a0c3846e0e0ea46659d7c4f89d9b212b"},
    {file = "black-23.11.0-cp38-cp38-win_amd64.whl", hash = "sha256:fc7f6a44d52747e65a02558e1d807c82df1d66ffa80a601862040a43ec2e3142"},
    {file = "black-23.11.0-cp39-cp39-macosx_10_9_x86_64.whl", hash = "sha256:7f622b6822f02bfaf2a5cd31fdb7cd86fcf33dab6ced5185c35f5db98260b055"},
    {file = "black-23.11.0-cp39-cp39-macosx_11_0_arm64.whl", hash = "sha256:250d7e60f323fcfc8ea6c800d5eba12f7967400eb6c2d21ae85ad31c204fb1f4"},
    {file = "black-23.11.0-cp39-cp39-manylinux_2_17_x86_64.manylinux2014_x86_64.whl", hash = "sha256:5133f5507007ba08d8b7b263c7aa0f931af5ba88a29beacc4b2dc23fcefe9c06"},
    {file = "black-23.11.0-cp39-cp39-win_amd64.whl", hash = "sha256:421f3e44aa67138ab1b9bfbc22ee3780b22fa5b291e4db8ab7eee95200726b07"},
    {file = "black-23.11.0-py3-none-any.whl", hash = "sha256:54caaa703227c6e0c87b76326d0862184729a69b73d3b7305b6288e1d830067e"},
    {file = "black-23.11.0.tar.gz", hash = "sha256:4c68855825ff432d197229846f971bc4d6666ce90492e5b02013bcaca4d9ab05"},
]

[package.dependencies]
click = ">=8.0.0"
mypy-extensions = ">=0.4.3"
packaging = ">=22.0"
pathspec = ">=0.9.0"
platformdirs = ">=2"

[package.extras]
colorama = ["colorama (>=0.4.3)"]
d = ["aiohttp (>=3.7.4)"]
jupyter = ["ipython (>=7.8.0)", "tokenize-rt (>=3.2.0)"]
uvloop = ["uvloop (>=0.15.2)"]

[[package]]
name = "chardet"
version = "5.2.0"
description = "Universal encoding detector for Python 3"
optional = false
python-versions = ">=3.7"
files = [
    {file = "chardet-5.2.0-py3-none-any.whl", hash = "sha256:e1cf59446890a00105fe7b7912492ea04b6e6f06d4b742b2c788469e34c82970"},
    {file = "chardet-5.2.0.tar.gz", hash = "sha256:1b3b6ff479a8c414bc3fa2c0852995695c4a026dcd6d0633b2dd092ca39c1cf7"},
]

[[package]]
name = "click"
version = "8.1.7"
description = "Composable command line interface toolkit"
optional = false
python-versions = ">=3.7"
files = [
    {file = "click-8.1.7-py3-none-any.whl", hash = "sha256:ae74fb96c20a0277a1d615f1e4d73c8414f5a98db8b799a7931d1582f3390c28"},
    {file = "click-8.1.7.tar.gz", hash = "sha256:ca9853ad459e787e2192211578cc907e7594e294c7ccc834310722b41b9ca6de"},
]

[package.dependencies]
colorama = {version = "*", markers = "platform_system == \"Windows\""}

[[package]]
name = "colorama"
version = "0.4.6"
description = "Cross-platform colored terminal text."
optional = false
python-versions = "!=3.0.*,!=3.1.*,!=3.2.*,!=3.3.*,!=3.4.*,!=3.5.*,!=3.6.*,>=2.7"
files = [
    {file = "colorama-0.4.6-py2.py3-none-any.whl", hash = "sha256:4f1d9991f5acc0ca119f9d443620b77f9d6b33703e51011c16baf57afb285fc6"},
    {file = "colorama-0.4.6.tar.gz", hash = "sha256:08695f5cb7ed6e0531a20572697297273c47b8cae5a63ffc6d6ed5c201be6e44"},
]

[[package]]
name = "confluent-kafka"
version = "2.3.0"
description = "Confluent's Python client for Apache Kafka"
optional = false
python-versions = "*"
files = [
    {file = "confluent-kafka-2.3.0.tar.gz", hash = "sha256:4069e7b56e0baf9db18c053a605213f0ab2d8f23715dca7b3bd97108df446ced"},
    {file = "confluent_kafka-2.3.0-cp310-cp310-macosx_10_9_x86_64.whl", hash = "sha256:5df845755cd3ebb9165ca00fd1d3a7d514c61e84d9fcbe7babb91193fe9b369c"},
    {file = "confluent_kafka-2.3.0-cp310-cp310-macosx_11_0_arm64.whl", hash = "sha256:9ab2217875b731bd390582952e0f9cbe3e7b34774490f01afca70728f0d8b469"},
    {file = "confluent_kafka-2.3.0-cp310-cp310-manylinux_2_17_x86_64.manylinux2014_x86_64.whl", hash = "sha256:62046e8a75c7a6883a0f1f4a635573fd7e1665eeacace65e7f6d59cbaa94697d"},
    {file = "confluent_kafka-2.3.0-cp310-cp310-manylinux_2_28_aarch64.whl", hash = "sha256:1eba38061e9ed1c0a369c129bf01d07499286cc3cb295398b88a7037c14371fb"},
    {file = "confluent_kafka-2.3.0-cp310-cp310-win_amd64.whl", hash = "sha256:a6abece28598fa2b59d2b9399fcec03440aaa73fd207fdad048a6030d7e897e1"},
    {file = "confluent_kafka-2.3.0-cp311-cp311-macosx_10_9_x86_64.whl", hash = "sha256:d55fbdcd75586dd17fe3fe64f4b4efa1c93ce9dd09c275de46f75772826e8860"},
    {file = "confluent_kafka-2.3.0-cp311-cp311-macosx_11_0_arm64.whl", hash = "sha256:ec17b26d6155feeaded4a435ba949095aea9699afb65309d8f22e55722f53c48"},
    {file = "confluent_kafka-2.3.0-cp311-cp311-manylinux_2_17_x86_64.manylinux2014_x86_64.whl", hash = "sha256:e9b42bf1b75fdd9aa20c77b27f166f6289440ac649f70622a0117a8e7aa6169d"},
    {file = "confluent_kafka-2.3.0-cp311-cp311-manylinux_2_28_aarch64.whl", hash = "sha256:7f9f4099aaf2c5daae828d2f356e4277d0ef0485ec883dbe395f0c0e054450d0"},
    {file = "confluent_kafka-2.3.0-cp311-cp311-win_amd64.whl", hash = "sha256:1c6b29d57df99dabd45e67fd0aa46f17f195b057734ad84cf9cfdc2542855c10"},
    {file = "confluent_kafka-2.3.0-cp312-cp312-macosx_10_9_x86_64.whl", hash = "sha256:6b46ce75bda0c092da103dbd55cb0ba429c73c232e70b476b19a0ab247ec9057"},
    {file = "confluent_kafka-2.3.0-cp312-cp312-macosx_11_0_arm64.whl", hash = "sha256:af60af786a7b8cbeafea51a9416664b96b0f5ef6243172b0bc59e5f75e8bd86a"},
    {file = "confluent_kafka-2.3.0-cp312-cp312-manylinux_2_17_x86_64.manylinux2014_x86_64.whl", hash = "sha256:e08b601e09a584c6a4a8c323a71e92fca31a8826ed33b5b95b26783b7a996026"},
    {file = "confluent_kafka-2.3.0-cp312-cp312-manylinux_2_28_aarch64.whl", hash = "sha256:7fd1ab257d4fa0e2a98529e4eb2102cf8352ad6b3d22110d6cf0bb1f598893d9"},
    {file = "confluent_kafka-2.3.0-cp312-cp312-win_amd64.whl", hash = "sha256:1ccf6483d86535627cad7b94982ea95d9fa9ae04ddb552e097c1211ffcde5ea7"},
    {file = "confluent_kafka-2.3.0-cp36-cp36m-macosx_10_9_x86_64.whl", hash = "sha256:030fb237927ec2296882a9bb96237ebf86e48388166b15ec0bbf3fdeb48df81a"},
    {file = "confluent_kafka-2.3.0-cp36-cp36m-manylinux_2_17_x86_64.manylinux2014_x86_64.whl", hash = "sha256:bc24c57a52c206648685e1c536afb8447d1cbbbf3871cacebccf2e5b67bdf535"},
    {file = "confluent_kafka-2.3.0-cp36-cp36m-manylinux_2_28_aarch64.whl", hash = "sha256:25292a9a8ef7765c85636851d6c4d5e5e98d6ead627b59637b24a5779e8a4b02"},
    {file = "confluent_kafka-2.3.0-cp36-cp36m-win_amd64.whl", hash = "sha256:d634d4d9914b0a28ec3e37ab7b150173aa34c81fd5bd0b4dcac972b520ad56cc"},
    {file = "confluent_kafka-2.3.0-cp37-cp37m-macosx_10_9_x86_64.whl", hash = "sha256:ebf460d90478bcd1b4564023a5b081c6e5390b28dbabbb17ee664e223830465d"},
    {file = "confluent_kafka-2.3.0-cp37-cp37m-manylinux_2_17_x86_64.manylinux2014_x86_64.whl", hash = "sha256:cec97f8c6564b16504d30fe42c22fd4a86c406dbcd45c337b93c21e876e20628"},
    {file = "confluent_kafka-2.3.0-cp37-cp37m-manylinux_2_28_aarch64.whl", hash = "sha256:128ddb28c19ab57c18c0e3d8209d089b6b90ff111b20108764f6798468432693"},
    {file = "confluent_kafka-2.3.0-cp37-cp37m-win_amd64.whl", hash = "sha256:0470dc5e56e639693149961409bc6b663df94d68ceae296ae9c42e079fe65d00"},
    {file = "confluent_kafka-2.3.0-cp38-cp38-macosx_10_9_x86_64.whl", hash = "sha256:b539064fef35386936a0d2dadf8a82b8b0ae325af95d9263a2431b82671c4702"},
    {file = "confluent_kafka-2.3.0-cp38-cp38-macosx_11_0_arm64.whl", hash = "sha256:4f9998f781a1da0c9dcb5506792a39799cb54e28c6f986ddc73e362887042f7c"},
    {file = "confluent_kafka-2.3.0-cp38-cp38-manylinux_2_17_x86_64.manylinux2014_x86_64.whl", hash = "sha256:f175e11facaf12130abd5d2d471db39d7cc89126c4d991527cf14e3da22c635c"},
    {file = "confluent_kafka-2.3.0-cp38-cp38-manylinux_2_28_aarch64.whl", hash = "sha256:f9842720ed0debcf4620710e01d356681a4812441f1ff49664fc205d1f9120e5"},
    {file = "confluent_kafka-2.3.0-cp38-cp38-win_amd64.whl", hash = "sha256:cf015e547b82a74a87d7363d0d42e4cd0ca23b01cdb479639a340f385581ea04"},
    {file = "confluent_kafka-2.3.0-cp39-cp39-macosx_10_9_x86_64.whl", hash = "sha256:e5c740ead14a2510e15f63e67b19d48ae48a7f30ef4823d5af125bad528033d1"},
    {file = "confluent_kafka-2.3.0-cp39-cp39-macosx_11_0_arm64.whl", hash = "sha256:6ae5e6a6dcd5ce85b9153c21c9f0b83e0cc88a5955b5334079db76c2267deb63"},
    {file = "confluent_kafka-2.3.0-cp39-cp39-manylinux_2_17_x86_64.manylinux2014_x86_64.whl", hash = "sha256:ca36a8d1d49fd55cca1b7ec3090ca2684a933e63f196f0e3e506194b189fc31e"},
    {file = "confluent_kafka-2.3.0-cp39-cp39-manylinux_2_28_aarch64.whl", hash = "sha256:210f2d346d1006e9b95c5204f7255735d4cb5ec962a3d1a68ac60c02e2763ae4"},
    {file = "confluent_kafka-2.3.0-cp39-cp39-win_amd64.whl", hash = "sha256:cb279e369121e07ccb419220fc039127345a9e5f72f4abf7dda0e2e06a12b604"},
]

[package.extras]
avro = ["avro (>=1.11.1,<2)", "fastavro (>=0.23.0,<1.0)", "fastavro (>=1.0)", "requests"]
dev = ["avro (>=1.11.1,<2)", "fastavro (>=0.23.0,<1.0)", "fastavro (>=1.0)", "flake8", "pytest", "pytest (==4.6.4)", "pytest-timeout", "requests"]
doc = ["avro (>=1.11.1,<2)", "fastavro (>=0.23.0,<1.0)", "fastavro (>=1.0)", "requests", "sphinx", "sphinx-rtd-theme"]
json = ["jsonschema", "pyrsistent", "pyrsistent (==0.16.1)", "requests"]
protobuf = ["protobuf", "requests"]
schema-registry = ["requests"]

[[package]]
name = "deptry"
version = "0.12.0"
description = "A command line utility to check for unused, missing and transitive dependencies in a Python project."
optional = false
python-versions = ">=3.8,<4.0"
files = [
    {file = "deptry-0.12.0-py3-none-any.whl", hash = "sha256:69c801a6ae1b39c7b8e0daf40dbe8b75f1f161277d206dd8f921f32cd22dad91"},
    {file = "deptry-0.12.0.tar.gz", hash = "sha256:ac3cd32d149c92a9af12f63cd9486ddd1760f0277ed0cf306c6ef0388f57ff0a"},
]

[package.dependencies]
chardet = ">=4.0.0"
click = ">=8.0.0,<9.0.0"
colorama = {version = ">=0.4.6", markers = "sys_platform == \"win32\""}
pathspec = ">=0.9.0"

[[package]]
name = "hiredis"
version = "2.2.3"
description = "Python wrapper for hiredis"
optional = false
python-versions = ">=3.7"
files = [
    {file = "hiredis-2.2.3-cp310-cp310-macosx_10_12_universal2.whl", hash = "sha256:9a1a80a8fa767f2fdc3870316a54b84fe9fc09fa6ab6a2686783de6a228a4604"},
    {file = "hiredis-2.2.3-cp310-cp310-macosx_10_12_x86_64.whl", hash = "sha256:3f006c28c885deb99b670a5a66f367a175ab8955b0374029bad7111f5357dcd4"},
    {file = "hiredis-2.2.3-cp310-cp310-macosx_11_0_arm64.whl", hash = "sha256:ffaf841546905d90ff189de7397aa56413b1ce5e54547f17a98f0ebf3a3b0a3b"},
    {file = "hiredis-2.2.3-cp310-cp310-manylinux_2_17_aarch64.manylinux2014_aarch64.whl", hash = "sha256:1cadb0ac7ba3babfd804e425946bec9717b320564a1390f163a54af9365a720a"},
    {file = "hiredis-2.2.3-cp310-cp310-manylinux_2_17_ppc64le.manylinux2014_ppc64le.whl", hash = "sha256:33bc4721632ef9708fa44e5df0066053fccc8e65410a2c48573192517a533b48"},
    {file = "hiredis-2.2.3-cp310-cp310-manylinux_2_17_s390x.manylinux2014_s390x.whl", hash = "sha256:227c5b4bcb60f89008c275d596e4a7b6625a6b3c827b8a66ae582eace7051f71"},
    {file = "hiredis-2.2.3-cp310-cp310-manylinux_2_17_x86_64.manylinux2014_x86_64.whl", hash = "sha256:61995eb826009d99ed8590747bc0da683a5f4fbb4faa8788166bf3810845cd5c"},
    {file = "hiredis-2.2.3-cp310-cp310-manylinux_2_5_i686.manylinux1_i686.manylinux_2_17_i686.manylinux2014_i686.whl", hash = "sha256:6f969edc851efe23010e0f53a64269f2629a9364135e9ec81c842e8b2277d0c1"},
    {file = "hiredis-2.2.3-cp310-cp310-musllinux_1_1_aarch64.whl", hash = "sha256:d27e560eefb57914d742a837f1da98d3b29cb22eff013c8023b7cf52ae6e051d"},
    {file = "hiredis-2.2.3-cp310-cp310-musllinux_1_1_i686.whl", hash = "sha256:3759f4789ae1913b7df278dfc9e8749205b7a106f888cd2903d19461e24a7697"},
    {file = "hiredis-2.2.3-cp310-cp310-musllinux_1_1_ppc64le.whl", hash = "sha256:c6cb613148422c523945cdb8b6bed617856f2602fd8750e33773ede2616e55d5"},
    {file = "hiredis-2.2.3-cp310-cp310-musllinux_1_1_s390x.whl", hash = "sha256:1d274d5c511dfc03f83f997d3238eaa9b6ee3f982640979f509373cced891e98"},
    {file = "hiredis-2.2.3-cp310-cp310-musllinux_1_1_x86_64.whl", hash = "sha256:3b7fe075e91b9d9cff40eba4fb6a8eff74964d3979a39be9a9ef58b1b4cb3604"},
    {file = "hiredis-2.2.3-cp310-cp310-win32.whl", hash = "sha256:77924b0d32fd1f493d3df15d9609ddf9d94c31a364022a6bf6b525ce9da75bea"},
    {file = "hiredis-2.2.3-cp310-cp310-win_amd64.whl", hash = "sha256:dcb0569dd5bfe6004658cd0f229efa699a3169dcb4f77bd72e188adda302063d"},
    {file = "hiredis-2.2.3-cp311-cp311-macosx_10_12_universal2.whl", hash = "sha256:d115790f18daa99b5c11a506e48923b630ef712e9e4b40482af942c3d40638b8"},
    {file = "hiredis-2.2.3-cp311-cp311-macosx_10_12_x86_64.whl", hash = "sha256:4c3b8be557e08b234774925622e196f0ee36fe4eab66cd19df934d3efd8f3743"},
    {file = "hiredis-2.2.3-cp311-cp311-macosx_11_0_arm64.whl", hash = "sha256:3f5446068197b35a11ccc697720c41879c8657e2e761aaa8311783aac84cef20"},
    {file = "hiredis-2.2.3-cp311-cp311-manylinux_2_17_aarch64.manylinux2014_aarch64.whl", hash = "sha256:aa17a3b22b3726d54d7af20394f65d4a1735a842a4e0f557dc67a90f6965c4bc"},
    {file = "hiredis-2.2.3-cp311-cp311-manylinux_2_17_ppc64le.manylinux2014_ppc64le.whl", hash = "sha256:7df645b6b7800e8b748c217fbd6a4ca8361bcb9a1ae6206cc02377833ec8a1aa"},
    {file = "hiredis-2.2.3-cp311-cp311-manylinux_2_17_s390x.manylinux2014_s390x.whl", hash = "sha256:2fb9300959a0048138791f3d68359d61a788574ec9556bddf1fec07f2dbc5320"},
    {file = "hiredis-2.2.3-cp311-cp311-manylinux_2_17_x86_64.manylinux2014_x86_64.whl", hash = "sha256:2d7e459fe7313925f395148d36d9b7f4f8dac65be06e45d7af356b187cef65fc"},
    {file = "hiredis-2.2.3-cp311-cp311-manylinux_2_5_i686.manylinux1_i686.manylinux_2_17_i686.manylinux2014_i686.whl", hash = "sha256:8eceffca3941775b646cd585cd19b275d382de43cc3327d22f7c75d7b003d481"},
    {file = "hiredis-2.2.3-cp311-cp311-musllinux_1_1_aarch64.whl", hash = "sha256:b17baf702c6e5b4bb66e1281a3efbb1d749c9d06cdb92b665ad81e03118f78fc"},
    {file = "hiredis-2.2.3-cp311-cp311-musllinux_1_1_i686.whl", hash = "sha256:4e43e2b5acaad09cf48c032f7e4926392bb3a3f01854416cf6d82ebff94d5467"},
    {file = "hiredis-2.2.3-cp311-cp311-musllinux_1_1_ppc64le.whl", hash = "sha256:a7205497d7276a81fe92951a29616ef96562ed2f91a02066f72b6f93cb34b40e"},
    {file = "hiredis-2.2.3-cp311-cp311-musllinux_1_1_s390x.whl", hash = "sha256:126623b03c31cb6ac3e0d138feb6fcc36dd43dd34fc7da7b7a0c38b5d75bc896"},
    {file = "hiredis-2.2.3-cp311-cp311-musllinux_1_1_x86_64.whl", hash = "sha256:071c5814b850574036506a8118034f97c3cbf2fe9947ff45a27b07a48da56240"},
    {file = "hiredis-2.2.3-cp311-cp311-win32.whl", hash = "sha256:d1be9e30e675f5bc1cb534633324578f6f0944a1bcffe53242cf632f554f83b6"},
    {file = "hiredis-2.2.3-cp311-cp311-win_amd64.whl", hash = "sha256:b9a7c987e161e3c58f992c63b7e26fea7fe0777f3b975799d23d65bbb8cb5899"},
    {file = "hiredis-2.2.3-cp37-cp37m-macosx_10_12_x86_64.whl", hash = "sha256:f2dcb8389fa3d453927b1299f46bdb38473c293c8269d5c777d33ea0e526b610"},
    {file = "hiredis-2.2.3-cp37-cp37m-manylinux_2_17_aarch64.manylinux2014_aarch64.whl", hash = "sha256:a2df98f5e071320c7d84e8bd07c0542acdd0a7519307fc31774d60e4b842ec4f"},
    {file = "hiredis-2.2.3-cp37-cp37m-manylinux_2_17_ppc64le.manylinux2014_ppc64le.whl", hash = "sha256:61a72e4a523cdfc521762137559c08dfa360a3caef63620be58c699d1717dac1"},
    {file = "hiredis-2.2.3-cp37-cp37m-manylinux_2_17_s390x.manylinux2014_s390x.whl", hash = "sha256:c9b9e5bde7030cae83aa900b5bd660decc65afd2db8c400f3c568c815a47ca2a"},
    {file = "hiredis-2.2.3-cp37-cp37m-manylinux_2_17_x86_64.manylinux2014_x86_64.whl", hash = "sha256:cd2614f17e261f72efc2f19f5e5ff2ee19e2296570c0dcf33409e22be30710de"},
    {file = "hiredis-2.2.3-cp37-cp37m-manylinux_2_5_i686.manylinux1_i686.manylinux_2_17_i686.manylinux2014_i686.whl", hash = "sha256:46525fbd84523cac75af5bf524bc74aaac848beaf31b142d2df8a787d9b4bbc4"},
    {file = "hiredis-2.2.3-cp37-cp37m-musllinux_1_1_aarch64.whl", hash = "sha256:d1a4ce40ba11da9382c14da31f4f9e88c18f7d294f523decd0fadfb81f51ad18"},
    {file = "hiredis-2.2.3-cp37-cp37m-musllinux_1_1_i686.whl", hash = "sha256:5cda592405bbd29d53942e0389dc3fa77b49c362640210d7e94a10c14a677d4d"},
    {file = "hiredis-2.2.3-cp37-cp37m-musllinux_1_1_ppc64le.whl", hash = "sha256:5e6674a017629284ef373b50496d9fb1a89b85a20a7fa100ecd109484ec748e5"},
    {file = "hiredis-2.2.3-cp37-cp37m-musllinux_1_1_s390x.whl", hash = "sha256:e62ec131816c6120eff40dffe43424e140264a15fa4ab88c301bd6a595913af3"},
    {file = "hiredis-2.2.3-cp37-cp37m-musllinux_1_1_x86_64.whl", hash = "sha256:17e938d9d3ee92e1adbff361706f1c36cc60eeb3e3eeca7a3a353eae344f4c91"},
    {file = "hiredis-2.2.3-cp37-cp37m-win32.whl", hash = "sha256:95d2305fd2a7b179cacb48b10f618872fc565c175f9f62b854e8d1acac3e8a9e"},
    {file = "hiredis-2.2.3-cp37-cp37m-win_amd64.whl", hash = "sha256:8f9dbe12f011a9b784f58faecc171d22465bb532c310bd588d769ba79a59ef5a"},
    {file = "hiredis-2.2.3-cp38-cp38-macosx_10_12_universal2.whl", hash = "sha256:5a4bcef114fc071d5f52c386c47f35aae0a5b43673197b9288a15b584da8fa3a"},
    {file = "hiredis-2.2.3-cp38-cp38-macosx_10_12_x86_64.whl", hash = "sha256:232d0a70519865741ba56e1dfefd160a580ae78c30a1517bad47b3cf95a3bc7d"},
    {file = "hiredis-2.2.3-cp38-cp38-macosx_11_0_arm64.whl", hash = "sha256:9076ce8429785c85f824650735791738de7143f61f43ae9ed83e163c0ca0fa44"},
    {file = "hiredis-2.2.3-cp38-cp38-manylinux_2_17_aarch64.manylinux2014_aarch64.whl", hash = "sha256:ec58fb7c2062f835595c12f0f02dcda76d0eb0831423cc191d1e18c9276648de"},
    {file = "hiredis-2.2.3-cp38-cp38-manylinux_2_17_ppc64le.manylinux2014_ppc64le.whl", hash = "sha256:7f2b34a6444b8f9c1e9f84bd2c639388e5d14f128afd14a869dfb3d9af893aa2"},
    {file = "hiredis-2.2.3-cp38-cp38-manylinux_2_17_s390x.manylinux2014_s390x.whl", hash = "sha256:818dfd310aa1020a13cd08ee48e116dd8c3bb2e23b8161f8ac4df587dd5093d7"},
    {file = "hiredis-2.2.3-cp38-cp38-manylinux_2_17_x86_64.manylinux2014_x86_64.whl", hash = "sha256:96d9ea6c8d4cbdeee2e0d43379ce2881e4af0454b00570677c59f33f2531cd38"},
    {file = "hiredis-2.2.3-cp38-cp38-manylinux_2_5_i686.manylinux1_i686.manylinux_2_17_i686.manylinux2014_i686.whl", hash = "sha256:f1eadbcd3de55ac42310ff82550d3302cb4efcd4e17d76646a17b6e7004bb42b"},
    {file = "hiredis-2.2.3-cp38-cp38-musllinux_1_1_aarch64.whl", hash = "sha256:477c34c4489666dc73cb5e89dafe2617c3e13da1298917f73d55aac4696bd793"},
    {file = "hiredis-2.2.3-cp38-cp38-musllinux_1_1_i686.whl", hash = "sha256:14824e457e4f5cda685c3345d125da13949bcf3bb1c88eb5d248c8d2c3dee08f"},
    {file = "hiredis-2.2.3-cp38-cp38-musllinux_1_1_ppc64le.whl", hash = "sha256:9cd32326dfa6ce87edf754153b0105aca64486bebe93b9600ccff74fa0b224df"},
    {file = "hiredis-2.2.3-cp38-cp38-musllinux_1_1_s390x.whl", hash = "sha256:51341e70b467004dcbec3a6ce8c478d2d6241e0f6b01e4c56764afd5022e1e9d"},
    {file = "hiredis-2.2.3-cp38-cp38-musllinux_1_1_x86_64.whl", hash = "sha256:2443659c76b226267e2a04dbbb21bc2a3f91aa53bdc0c22964632753ae43a247"},
    {file = "hiredis-2.2.3-cp38-cp38-win32.whl", hash = "sha256:4e3e3e31423f888d396b1fc1f936936e52af868ac1ec17dd15e3eeba9dd4de24"},
    {file = "hiredis-2.2.3-cp38-cp38-win_amd64.whl", hash = "sha256:20f509e3a1a20d6e5f5794fc37ceb21f70f409101fcfe7a8bde783894d51b369"},
    {file = "hiredis-2.2.3-cp39-cp39-macosx_10_12_universal2.whl", hash = "sha256:d20891e3f33803b26d54c77fd5745878497091e33f4bbbdd454cf6e71aee8890"},
    {file = "hiredis-2.2.3-cp39-cp39-macosx_10_12_x86_64.whl", hash = "sha256:50171f985e17970f87d5a29e16603d1e5b03bdbf5c2691a37e6c912942a6b657"},
    {file = "hiredis-2.2.3-cp39-cp39-macosx_11_0_arm64.whl", hash = "sha256:9944a2cac25ffe049a7e89f306e11b900640837d1ef38d9be0eaa4a4e2b73a52"},
    {file = "hiredis-2.2.3-cp39-cp39-manylinux_2_17_aarch64.manylinux2014_aarch64.whl", hash = "sha256:5a5c8019ff94988d56eb49b15de76fe83f6b42536d76edeb6565dbf7fe14b973"},
    {file = "hiredis-2.2.3-cp39-cp39-manylinux_2_17_ppc64le.manylinux2014_ppc64le.whl", hash = "sha256:a286ded34eb16501002e3713b3130c987366eee2ba0d58c33c72f27778e31676"},
    {file = "hiredis-2.2.3-cp39-cp39-manylinux_2_17_s390x.manylinux2014_s390x.whl", hash = "sha256:4b3e974ad15eb32b1f537730dea70b93a4c3db7b026de3ad2b59da49c6f7454d"},
    {file = "hiredis-2.2.3-cp39-cp39-manylinux_2_17_x86_64.manylinux2014_x86_64.whl", hash = "sha256:08415ea74c1c29b9d6a4ca3dd0e810dc1af343c1d1d442e15ba133b11ab5be6a"},
    {file = "hiredis-2.2.3-cp39-cp39-manylinux_2_5_i686.manylinux1_i686.manylinux_2_17_i686.manylinux2014_i686.whl", hash = "sha256:7e17d04ea58ab8cf3f2dc52e875db16077c6357846006780086fff3189fb199d"},
    {file = "hiredis-2.2.3-cp39-cp39-musllinux_1_1_aarch64.whl", hash = "sha256:6ccdcb635dae85b006592f78e32d97f4bc7541cb27829d505f9c7fefcef48298"},
    {file = "hiredis-2.2.3-cp39-cp39-musllinux_1_1_i686.whl", hash = "sha256:69536b821dd1bc78058a6e7541743f8d82bf2d981b91280b14c4daa6cdc7faba"},
    {file = "hiredis-2.2.3-cp39-cp39-musllinux_1_1_ppc64le.whl", hash = "sha256:3753df5f873d473f055e1f8837bfad0bd3b277c86f3c9bf058c58f14204cd901"},
    {file = "hiredis-2.2.3-cp39-cp39-musllinux_1_1_s390x.whl", hash = "sha256:6f88cafe46612b6fa68e6dea49e25bebf160598bba00101caa51cc8c1f18d597"},
    {file = "hiredis-2.2.3-cp39-cp39-musllinux_1_1_x86_64.whl", hash = "sha256:33ee3ea5cad3a8cb339352cd230b411eb437a2e75d7736c4899acab32056ccdb"},
    {file = "hiredis-2.2.3-cp39-cp39-win32.whl", hash = "sha256:b4f3d06dc16671b88a13ae85d8ca92534c0b637d59e49f0558d040a691246422"},
    {file = "hiredis-2.2.3-cp39-cp39-win_amd64.whl", hash = "sha256:4f674e309cd055ee7a48304ceb8cf43265d859faf4d7d01d270ce45e976ae9d3"},
    {file = "hiredis-2.2.3-pp37-pypy37_pp73-macosx_10_12_x86_64.whl", hash = "sha256:8f280ab4e043b089777b43b4227bdc2035f88da5072ab36588e0ccf77d45d058"},
    {file = "hiredis-2.2.3-pp37-pypy37_pp73-manylinux_2_17_aarch64.manylinux2014_aarch64.whl", hash = "sha256:15c2a551f3b8a26f7940d6ee10b837810201754b8d7e6f6b1391655370882c5a"},
    {file = "hiredis-2.2.3-pp37-pypy37_pp73-manylinux_2_17_x86_64.manylinux2014_x86_64.whl", hash = "sha256:60c4e3c258eafaab21b174b17270a0cc093718d61cdbde8c03f85ec4bf835343"},
    {file = "hiredis-2.2.3-pp37-pypy37_pp73-manylinux_2_5_i686.manylinux1_i686.manylinux_2_17_i686.manylinux2014_i686.whl", hash = "sha256:cc36a9dded458d4e37492fe3e619c6c83caae794d26ad925adbce61d592f8428"},
    {file = "hiredis-2.2.3-pp37-pypy37_pp73-win_amd64.whl", hash = "sha256:4ed68a3b1ccb4313d2a42546fd7e7439ad4745918a48b6c9bcaa61e1e3e42634"},
    {file = "hiredis-2.2.3-pp38-pypy38_pp73-macosx_10_12_x86_64.whl", hash = "sha256:3bf4b5bae472630c229518e4a814b1b68f10a3d9b00aeaec45f1a330f03a0251"},
    {file = "hiredis-2.2.3-pp38-pypy38_pp73-manylinux_2_17_aarch64.manylinux2014_aarch64.whl", hash = "sha256:33a94d264e6e12a79d9bb8af333b01dc286b9f39c99072ab5fef94ce1f018e17"},
    {file = "hiredis-2.2.3-pp38-pypy38_pp73-manylinux_2_17_x86_64.manylinux2014_x86_64.whl", hash = "sha256:3fa6811a618653164f918b891a0fa07052bd71a799defa5c44d167cac5557b26"},
    {file = "hiredis-2.2.3-pp38-pypy38_pp73-manylinux_2_5_i686.manylinux1_i686.manylinux_2_17_i686.manylinux2014_i686.whl", hash = "sha256:af33f370be90b48bbaf0dab32decbdcc522b1fa95d109020a963282086518a8e"},
    {file = "hiredis-2.2.3-pp38-pypy38_pp73-win_amd64.whl", hash = "sha256:b9953d87418ac228f508d93898ab572775e4d3b0eeb886a1a7734553bcdaf291"},
    {file = "hiredis-2.2.3-pp39-pypy39_pp73-macosx_10_12_x86_64.whl", hash = "sha256:5e7bb4dd524f50b71c20ef5a12bd61da9b463f8894b18a06130942fe31509881"},
    {file = "hiredis-2.2.3-pp39-pypy39_pp73-manylinux_2_17_aarch64.manylinux2014_aarch64.whl", hash = "sha256:89a258424158eb8b3ed9f65548d68998da334ef155d09488c5637723eb1cd697"},
    {file = "hiredis-2.2.3-pp39-pypy39_pp73-manylinux_2_17_x86_64.manylinux2014_x86_64.whl", hash = "sha256:9f4a65276f6ecdebe75f2a53f578fbc40e8d2860658420d5e0611c56bbf5054c"},
    {file = "hiredis-2.2.3-pp39-pypy39_pp73-manylinux_2_5_i686.manylinux1_i686.manylinux_2_17_i686.manylinux2014_i686.whl", hash = "sha256:334f2738700b20faa04a0d813366fb16ed17287430a6b50584161d5ad31ca6d7"},
    {file = "hiredis-2.2.3-pp39-pypy39_pp73-win_amd64.whl", hash = "sha256:d194decd9608f11c777946f596f31d5aacad13972a0a87829ae1e6f2d26c1885"},
    {file = "hiredis-2.2.3.tar.gz", hash = "sha256:e75163773a309e56a9b58165cf5a50e0f84b755f6ff863b2c01a38918fe92daa"},
]

[[package]]
name = "iniconfig"
version = "2.0.0"
description = "brain-dead simple config-ini parsing"
optional = false
python-versions = ">=3.7"
files = [
    {file = "iniconfig-2.0.0-py3-none-any.whl", hash = "sha256:b6a85871a79d2e3b22d2d1b94ac2824226a63c6b741c88f7ae975f18b6778374"},
    {file = "iniconfig-2.0.0.tar.gz", hash = "sha256:2d91e135bf72d31a410b17c16da610a82cb55f6b0477d1a902134b24a455b8b3"},
]

[[package]]
name = "loguru"
version = "0.7.2"
description = "Python logging made (stupidly) simple"
optional = false
python-versions = ">=3.5"
files = [
    {file = "loguru-0.7.2-py3-none-any.whl", hash = "sha256:003d71e3d3ed35f0f8984898359d65b79e5b21943f78af86aa5491210429b8eb"},
    {file = "loguru-0.7.2.tar.gz", hash = "sha256:e671a53522515f34fd406340ee968cb9ecafbc4b36c679da03c18fd8d0bd51ac"},
]

[package.dependencies]
colorama = {version = ">=0.3.4", markers = "sys_platform == \"win32\""}
win32-setctime = {version = ">=1.0.0", markers = "sys_platform == \"win32\""}

[package.extras]
dev = ["Sphinx (==7.2.5)", "colorama (==0.4.5)", "colorama (==0.4.6)", "exceptiongroup (==1.1.3)", "freezegun (==1.1.0)", "freezegun (==1.2.2)", "mypy (==v0.910)", "mypy (==v0.971)", "mypy (==v1.4.1)", "mypy (==v1.5.1)", "pre-commit (==3.4.0)", "pytest (==6.1.2)", "pytest (==7.4.0)", "pytest-cov (==2.12.1)", "pytest-cov (==4.1.0)", "pytest-mypy-plugins (==1.9.3)", "pytest-mypy-plugins (==3.0.0)", "sphinx-autobuild (==2021.3.14)", "sphinx-rtd-theme (==1.3.0)", "tox (==3.27.1)", "tox (==4.11.0)"]

[[package]]
name = "mypy"
version = "1.7.0"
description = "Optional static typing for Python"
optional = false
python-versions = ">=3.8"
files = [
    {file = "mypy-1.7.0-cp310-cp310-macosx_10_9_x86_64.whl", hash = "sha256:5da84d7bf257fd8f66b4f759a904fd2c5a765f70d8b52dde62b521972a0a2357"},
    {file = "mypy-1.7.0-cp310-cp310-macosx_11_0_arm64.whl", hash = "sha256:a3637c03f4025f6405737570d6cbfa4f1400eb3c649317634d273687a09ffc2f"},
    {file = "mypy-1.7.0-cp310-cp310-manylinux_2_17_x86_64.manylinux2014_x86_64.whl", hash = "sha256:b633f188fc5ae1b6edca39dae566974d7ef4e9aaaae00bc36efe1f855e5173ac"},
    {file = "mypy-1.7.0-cp310-cp310-musllinux_1_1_x86_64.whl", hash = "sha256:d6ed9a3997b90c6f891138e3f83fb8f475c74db4ccaa942a1c7bf99e83a989a1"},
    {file = "mypy-1.7.0-cp310-cp310-win_amd64.whl", hash = "sha256:1fe46e96ae319df21359c8db77e1aecac8e5949da4773c0274c0ef3d8d1268a9"},
    {file = "mypy-1.7.0-cp311-cp311-macosx_10_9_x86_64.whl", hash = "sha256:df67fbeb666ee8828f675fee724cc2cbd2e4828cc3df56703e02fe6a421b7401"},
    {file = "mypy-1.7.0-cp311-cp311-macosx_11_0_arm64.whl", hash = "sha256:a79cdc12a02eb526d808a32a934c6fe6df07b05f3573d210e41808020aed8b5d"},
    {file = "mypy-1.7.0-cp311-cp311-manylinux_2_17_x86_64.manylinux2014_x86_64.whl", hash = "sha256:f65f385a6f43211effe8c682e8ec3f55d79391f70a201575def73d08db68ead1"},
    {file = "mypy-1.7.0-cp311-cp311-musllinux_1_1_x86_64.whl", hash = "sha256:0e81ffd120ee24959b449b647c4b2fbfcf8acf3465e082b8d58fd6c4c2b27e46"},
    {file = "mypy-1.7.0-cp311-cp311-win_amd64.whl", hash = "sha256:f29386804c3577c83d76520abf18cfcd7d68264c7e431c5907d250ab502658ee"},
    {file = "mypy-1.7.0-cp312-cp312-macosx_10_9_x86_64.whl", hash = "sha256:87c076c174e2c7ef8ab416c4e252d94c08cd4980a10967754f91571070bf5fbe"},
    {file = "mypy-1.7.0-cp312-cp312-macosx_11_0_arm64.whl", hash = "sha256:6cb8d5f6d0fcd9e708bb190b224089e45902cacef6f6915481806b0c77f7786d"},
    {file = "mypy-1.7.0-cp312-cp312-manylinux_2_17_x86_64.manylinux2014_x86_64.whl", hash = "sha256:d93e76c2256aa50d9c82a88e2f569232e9862c9982095f6d54e13509f01222fc"},
    {file = "mypy-1.7.0-cp312-cp312-musllinux_1_1_x86_64.whl", hash = "sha256:cddee95dea7990e2215576fae95f6b78a8c12f4c089d7e4367564704e99118d3"},
    {file = "mypy-1.7.0-cp312-cp312-win_amd64.whl", hash = "sha256:d01921dbd691c4061a3e2ecdbfbfad029410c5c2b1ee88946bf45c62c6c91210"},
    {file = "mypy-1.7.0-cp38-cp38-macosx_10_9_x86_64.whl", hash = "sha256:185cff9b9a7fec1f9f7d8352dff8a4c713b2e3eea9c6c4b5ff7f0edf46b91e41"},
    {file = "mypy-1.7.0-cp38-cp38-macosx_11_0_arm64.whl", hash = "sha256:7a7b1e399c47b18feb6f8ad4a3eef3813e28c1e871ea7d4ea5d444b2ac03c418"},
    {file = "mypy-1.7.0-cp38-cp38-manylinux_2_17_x86_64.manylinux2014_x86_64.whl", hash = "sha256:fc9fe455ad58a20ec68599139ed1113b21f977b536a91b42bef3ffed5cce7391"},
    {file = "mypy-1.7.0-cp38-cp38-musllinux_1_1_x86_64.whl", hash = "sha256:d0fa29919d2e720c8dbaf07d5578f93d7b313c3e9954c8ec05b6d83da592e5d9"},
    {file = "mypy-1.7.0-cp38-cp38-win_amd64.whl", hash = "sha256:2b53655a295c1ed1af9e96b462a736bf083adba7b314ae775563e3fb4e6795f5"},
    {file = "mypy-1.7.0-cp39-cp39-macosx_10_9_x86_64.whl", hash = "sha256:c1b06b4b109e342f7dccc9efda965fc3970a604db70f8560ddfdee7ef19afb05"},
    {file = "mypy-1.7.0-cp39-cp39-macosx_11_0_arm64.whl", hash = "sha256:bf7a2f0a6907f231d5e41adba1a82d7d88cf1f61a70335889412dec99feeb0f8"},
    {file = "mypy-1.7.0-cp39-cp39-manylinux_2_17_x86_64.manylinux2014_x86_64.whl", hash = "sha256:551d4a0cdcbd1d2cccdcc7cb516bb4ae888794929f5b040bb51aae1846062901"},
    {file = "mypy-1.7.0-cp39-cp39-musllinux_1_1_x86_64.whl", hash = "sha256:55d28d7963bef00c330cb6461db80b0b72afe2f3c4e2963c99517cf06454e665"},
    {file = "mypy-1.7.0-cp39-cp39-win_amd64.whl", hash = "sha256:870bd1ffc8a5862e593185a4c169804f2744112b4a7c55b93eb50f48e7a77010"},
    {file = "mypy-1.7.0-py3-none-any.whl", hash = "sha256:96650d9a4c651bc2a4991cf46f100973f656d69edc7faf91844e87fe627f7e96"},
    {file = "mypy-1.7.0.tar.gz", hash = "sha256:1e280b5697202efa698372d2f39e9a6713a0395a756b1c6bd48995f8d72690dc"},
]

[package.dependencies]
mypy-extensions = ">=1.0.0"
typing-extensions = ">=4.1.0"

[package.extras]
dmypy = ["psutil (>=4.0)"]
install-types = ["pip"]
mypyc = ["setuptools (>=50)"]
reports = ["lxml"]

[[package]]
name = "mypy-extensions"
version = "1.0.0"
description = "Type system extensions for programs checked with the mypy type checker."
optional = false
python-versions = ">=3.5"
files = [
    {file = "mypy_extensions-1.0.0-py3-none-any.whl", hash = "sha256:4392f6c0eb8a5668a69e23d168ffa70f0be9ccfd32b5cc2d26a34ae5b844552d"},
    {file = "mypy_extensions-1.0.0.tar.gz", hash = "sha256:75dbf8955dc00442a438fc4d0666508a9a97b6bd41aa2f0ffe9d2f2725af0782"},
]

[[package]]
name = "packaging"
version = "23.2"
description = "Core utilities for Python packages"
optional = false
python-versions = ">=3.7"
files = [
    {file = "packaging-23.2-py3-none-any.whl", hash = "sha256:8c491190033a9af7e1d931d0b5dacc2ef47509b34dd0de67ed209b5203fc88c7"},
    {file = "packaging-23.2.tar.gz", hash = "sha256:048fb0e9405036518eaaf48a55953c750c11e1a1b68e0dd1a9d62ed0c092cfc5"},
]

[[package]]
name = "pathspec"
version = "0.11.2"
description = "Utility library for gitignore style pattern matching of file paths."
optional = false
python-versions = ">=3.7"
files = [
    {file = "pathspec-0.11.2-py3-none-any.whl", hash = "sha256:1d6ed233af05e679efb96b1851550ea95bbb64b7c490b0f5aa52996c11e92a20"},
    {file = "pathspec-0.11.2.tar.gz", hash = "sha256:e0d8d0ac2f12da61956eb2306b69f9469b42f4deb0f3cb6ed47b9cce9996ced3"},
]

[[package]]
name = "platformdirs"
version = "4.0.0"
description = "A small Python package for determining appropriate platform-specific dirs, e.g. a \"user data dir\"."
optional = false
python-versions = ">=3.7"
files = [
    {file = "platformdirs-4.0.0-py3-none-any.whl", hash = "sha256:118c954d7e949b35437270383a3f2531e99dd93cf7ce4dc8340d3356d30f173b"},
    {file = "platformdirs-4.0.0.tar.gz", hash = "sha256:cb633b2bcf10c51af60beb0ab06d2f1d69064b43abf4c185ca6b28865f3f9731"},
]

[package.extras]
docs = ["furo (>=2023.7.26)", "proselint (>=0.13)", "sphinx (>=7.1.1)", "sphinx-autodoc-typehints (>=1.24)"]
test = ["appdirs (==1.4.4)", "covdefaults (>=2.3)", "pytest (>=7.4)", "pytest-cov (>=4.1)", "pytest-mock (>=3.11.1)"]

[[package]]
name = "pluggy"
version = "1.3.0"
description = "plugin and hook calling mechanisms for python"
optional = false
python-versions = ">=3.8"
files = [
    {file = "pluggy-1.3.0-py3-none-any.whl", hash = "sha256:d89c696a773f8bd377d18e5ecda92b7a3793cbe66c87060a6fb58c7b6e1061f7"},
    {file = "pluggy-1.3.0.tar.gz", hash = "sha256:cf61ae8f126ac6f7c451172cf30e3e43d3ca77615509771b3a984a0730651e12"},
]

[package.extras]
dev = ["pre-commit", "tox"]
testing = ["pytest", "pytest-benchmark"]

[[package]]
name = "pytest"
version = "7.4.3"
description = "pytest: simple powerful testing with Python"
optional = false
python-versions = ">=3.7"
files = [
    {file = "pytest-7.4.3-py3-none-any.whl", hash = "sha256:0d009c083ea859a71b76adf7c1d502e4bc170b80a8ef002da5806527b9591fac"},
    {file = "pytest-7.4.3.tar.gz", hash = "sha256:d989d136982de4e3b29dabcc838ad581c64e8ed52c11fbe86ddebd9da0818cd5"},
]

[package.dependencies]
colorama = {version = "*", markers = "sys_platform == \"win32\""}
iniconfig = "*"
packaging = "*"
pluggy = ">=0.12,<2.0"

[package.extras]
testing = ["argcomplete", "attrs (>=19.2.0)", "hypothesis (>=3.56)", "mock", "nose", "pygments (>=2.7.2)", "requests", "setuptools", "xmlschema"]

[[package]]
name = "redis"
version = "5.0.1"
description = "Python client for Redis database and key-value store"
optional = false
python-versions = ">=3.7"
files = [
    {file = "redis-5.0.1-py3-none-any.whl", hash = "sha256:ed4802971884ae19d640775ba3b03aa2e7bd5e8fb8dfaed2decce4d0fc48391f"},
    {file = "redis-5.0.1.tar.gz", hash = "sha256:0dab495cd5753069d3bc650a0dde8a8f9edde16fc5691b689a566eda58100d0f"},
]

[package.dependencies]
async-timeout = {version = ">=4.0.2", markers = "python_full_version <= \"3.11.2\""}
hiredis = {version = ">=1.0.0", optional = true, markers = "extra == \"hiredis\""}

[package.extras]
hiredis = ["hiredis (>=1.0.0)"]
ocsp = ["cryptography (>=36.0.1)", "pyopenssl (==20.0.1)", "requests (>=2.26.0)"]

[[package]]
name = "ruff"
version = "0.1.6"
description = "An extremely fast Python linter and code formatter, written in Rust."
optional = false
python-versions = ">=3.7"
files = [
    {file = "ruff-0.1.6-py3-none-macosx_10_12_x86_64.macosx_11_0_arm64.macosx_10_12_universal2.whl", hash = "sha256:88b8cdf6abf98130991cbc9f6438f35f6e8d41a02622cc5ee130a02a0ed28703"},
    {file = "ruff-0.1.6-py3-none-macosx_10_12_x86_64.whl", hash = "sha256:5c549ed437680b6105a1299d2cd30e4964211606eeb48a0ff7a93ef70b902248"},
    {file = "ruff-0.1.6-py3-none-manylinux_2_17_aarch64.manylinux2014_aarch64.whl", hash = "sha256:1cf5f701062e294f2167e66d11b092bba7af6a057668ed618a9253e1e90cfd76"},
    {file = "ruff-0.1.6-py3-none-manylinux_2_17_armv7l.manylinux2014_armv7l.whl", hash = "sha256:05991ee20d4ac4bb78385360c684e4b417edd971030ab12a4fbd075ff535050e"},
    {file = "ruff-0.1.6-py3-none-manylinux_2_17_i686.manylinux2014_i686.whl", hash = "sha256:87455a0c1f739b3c069e2f4c43b66479a54dea0276dd5d4d67b091265f6fd1dc"},
    {file = "ruff-0.1.6-py3-none-manylinux_2_17_ppc64.manylinux2014_ppc64.whl", hash = "sha256:683aa5bdda5a48cb8266fcde8eea2a6af4e5700a392c56ea5fb5f0d4bfdc0240"},
    {file = "ruff-0.1.6-py3-none-manylinux_2_17_ppc64le.manylinux2014_ppc64le.whl", hash = "sha256:137852105586dcbf80c1717facb6781555c4e99f520c9c827bd414fac67ddfb6"},
    {file = "ruff-0.1.6-py3-none-manylinux_2_17_s390x.manylinux2014_s390x.whl", hash = "sha256:bd98138a98d48a1c36c394fd6b84cd943ac92a08278aa8ac8c0fdefcf7138f35"},
    {file = "ruff-0.1.6-py3-none-manylinux_2_17_x86_64.manylinux2014_x86_64.whl", hash = "sha256:3a0cd909d25f227ac5c36d4e7e681577275fb74ba3b11d288aff7ec47e3ae745"},
    {file = "ruff-0.1.6-py3-none-musllinux_1_2_aarch64.whl", hash = "sha256:e8fd1c62a47aa88a02707b5dd20c5ff20d035d634aa74826b42a1da77861b5ff"},
    {file = "ruff-0.1.6-py3-none-musllinux_1_2_armv7l.whl", hash = "sha256:fd89b45d374935829134a082617954120d7a1470a9f0ec0e7f3ead983edc48cc"},
    {file = "ruff-0.1.6-py3-none-musllinux_1_2_i686.whl", hash = "sha256:491262006e92f825b145cd1e52948073c56560243b55fb3b4ecb142f6f0e9543"},
    {file = "ruff-0.1.6-py3-none-musllinux_1_2_x86_64.whl", hash = "sha256:ea284789861b8b5ca9d5443591a92a397ac183d4351882ab52f6296b4fdd5462"},
    {file = "ruff-0.1.6-py3-none-win32.whl", hash = "sha256:1610e14750826dfc207ccbcdd7331b6bd285607d4181df9c1c6ae26646d6848a"},
    {file = "ruff-0.1.6-py3-none-win_amd64.whl", hash = "sha256:4558b3e178145491e9bc3b2ee3c4b42f19d19384eaa5c59d10acf6e8f8b57e33"},
    {file = "ruff-0.1.6-py3-none-win_arm64.whl", hash = "sha256:03910e81df0d8db0e30050725a5802441c2022ea3ae4fe0609b76081731accbc"},
    {file = "ruff-0.1.6.tar.gz", hash = "sha256:1b09f29b16c6ead5ea6b097ef2764b42372aebe363722f1605ecbcd2b9207184"},
]

[[package]]
name = "toml"
version = "0.10.2"
description = "Python Library for Tom's Obvious, Minimal Language"
optional = false
python-versions = ">=2.6, !=3.0.*, !=3.1.*, !=3.2.*"
files = [
    {file = "toml-0.10.2-py2.py3-none-any.whl", hash = "sha256:806143ae5bfb6a3c6e736a764057db0e6a0e05e338b5630894a5f779cabb4f9b"},
    {file = "toml-0.10.2.tar.gz", hash = "sha256:b3bda1d108d5dd99f4a20d24d9c348e91c4db7ab1b749200bded2f839ccbe68f"},
]

[[package]]
name = "typing-extensions"
version = "4.8.0"
description = "Backported and Experimental Type Hints for Python 3.8+"
optional = false
python-versions = ">=3.8"
files = [
    {file = "typing_extensions-4.8.0-py3-none-any.whl", hash = "sha256:8f92fc8806f9a6b641eaa5318da32b44d401efaac0f6678c9bc448ba3605faa0"},
    {file = "typing_extensions-4.8.0.tar.gz", hash = "sha256:df8e4339e9cb77357558cbdbceca33c303714cf861d1eef15e1070055ae8b7ef"},
]

[[package]]
name = "vulture"
version = "2.10"
description = "Find dead code"
optional = false
python-versions = ">=3.8"
files = [
    {file = "vulture-2.10-py2.py3-none-any.whl", hash = "sha256:568a4176db7468d0157817ae3bb1847a19f1ddc629849af487f9d3b279bff77d"},
    {file = "vulture-2.10.tar.gz", hash = "sha256:2a5c3160bffba77595b6e6dfcc412016bd2a09cd4b66cdf7fbba913684899f6f"},
]

[package.dependencies]
toml = "*"

[[package]]
name = "win32-setctime"
version = "1.1.0"
description = "A small Python utility to set file creation time on Windows"
optional = false
python-versions = ">=3.5"
files = [
    {file = "win32_setctime-1.1.0-py3-none-any.whl", hash = "sha256:231db239e959c2fe7eb1d7dc129f11172354f98361c4fa2d6d2d7e278baa8aad"},
    {file = "win32_setctime-1.1.0.tar.gz", hash = "sha256:15cf5750465118d6929ae4de4eb46e8edae9a5634350c01ba582df868e932cb2"},
]

[package.extras]
dev = ["black (>=19.3b0)", "pytest (>=4.6.2)"]

[metadata]
lock-version = "2.0"
python-versions = "^3.11"
content-hash = "0f978de6f42f9283d91e48b9783d4339df64dfac813cdc19e3cc2d41ce3796da"
